
Microsoft Visual Studio Solution File, Format Version 12.00
# Visual Studio Version 17
VisualStudioVersion = 17.7.34202.233
MinimumVisualStudioVersion = 10.0.40219.1
Project("{9A19103F-16F7-4668-BE54-9A1E7A4F7556}") = "NhaTro", "NhaTro\NhaTro.csproj", "{AF324B41-42BE-4A12-98E5-659DCD045EA2}"
EndProject
Project("{9A19103F-16F7-4668-BE54-9A1E7A4F7556}") = "CongTy", "..\CongTy\CongTy.csproj", "{4CDB82F8-C581-4727-8CD3-843D97715372}"
EndProject
Project("{9A19103F-16F7-4668-BE54-9A1E7A4F7556}") = "TheNganHang", "..\TheNganHang\TheNganHang.csproj", "{AA8148BD-A007-4C3A-92A2-DBB0E8DDB3C5}"
EndProject
Project("{9A19103F-16F7-4668-BE54-9A1E7A4F7556}") = "Student", "..\Student\Student\Student.csproj", "{3BFA39B1-C61B-420F-8B3D-EF677F880370}"
EndProject
Global
	GlobalSection(SolutionConfigurationPlatforms) = preSolution
		Debug|Any CPU = Debug|Any CPU
		Release|Any CPU = Release|Any CPU
	EndGlobalSection
	GlobalSection(ProjectConfigurationPlatforms) = postSolution
		{AF324B41-42BE-4A12-98E5-659DCD045EA2}.Debug|Any CPU.ActiveCfg = Debug|Any CPU
		{AF324B41-42BE-4A12-98E5-659DCD045EA2}.Debug|Any CPU.Build.0 = Debug|Any CPU
		{AF324B41-42BE-4A12-98E5-659DCD045EA2}.Release|Any CPU.ActiveCfg = Release|Any CPU
		{AF324B41-42BE-4A12-98E5-659DCD045EA2}.Release|Any CPU.Build.0 = Release|Any CPU
		{4CDB82F8-C581-4727-8CD3-843D97715372}.Debug|Any CPU.ActiveCfg = Debug|Any CPU
		{4CDB82F8-C581-4727-8CD3-843D97715372}.Debug|Any CPU.Build.0 = Debug|Any CPU
		{4CDB82F8-C581-4727-8CD3-843D97715372}.Release|Any CPU.ActiveCfg = Release|Any CPU
		{4CDB82F8-C581-4727-8CD3-843D97715372}.Release|Any CPU.Build.0 = Release|Any CPU
		{AA8148BD-A007-4C3A-92A2-DBB0E8DDB3C5}.Debug|Any CPU.ActiveCfg = Debug|Any CPU
		{AA8148BD-A007-4C3A-92A2-DBB0E8DDB3C5}.Debug|Any CPU.Build.0 = Debug|Any CPU
		{AA8148BD-A007-4C3A-92A2-DBB0E8DDB3C5}.Release|Any CPU.ActiveCfg = Release|Any CPU
		{AA8148BD-A007-4C3A-92A2-DBB0E8DDB3C5}.Release|Any CPU.Build.0 = Release|Any CPU
		{3BFA39B1-C61B-420F-8B3D-EF677F880370}.Debug|Any CPU.ActiveCfg = Debug|Any CPU
		{3BFA39B1-C61B-420F-8B3D-EF677F880370}.Debug|Any CPU.Build.0 = Debug|Any CPU
		{3BFA39B1-C61B-420F-8B3D-EF677F880370}.Release|Any CPU.ActiveCfg = Release|Any CPU
		{3BFA39B1-C61B-420F-8B3D-EF677F880370}.Release|Any CPU.Build.0 = Release|Any CPU
	EndGlobalSection
	GlobalSection(SolutionProperties) = preSolution
		HideSolutionNode = FALSE
	EndGlobalSection
	GlobalSection(ExtensibilityGlobals) = postSolution
		SolutionGuid = {3BEC0401-3770-4447-B02B-8C1C4DB5A0BA}
	EndGlobalSection
EndGlobal
